{
  "name": "module-alias-nested-library",
  "version": "1.0.0",
  "lockfileVersion": 1,
  "requires": true,
  "dependencies": {
    "module-alias": {
      "version": "2.2.2",
      "resolved": "https://registry.npmjs.org/module-alias/-/module-alias-2.2.2.tgz",
      "integrity": "sha512-A/78XjoX2EmNvppVWEhM2oGk3x4lLxnkEA4jTbaK97QKSDjkIoOsKQlfylt/d3kKKi596Qy3NP5XrXJ6fZIC9Q=="
    },
    "module-alias-nested-library": {
      "version": "1.0.0",
      "resolved": "https://registry.npmjs.org/module-alias-nested-library/-/module-alias-nested-library-1.0.0.tgz",
      "integrity": "sha512-SLaPdg/YlbIdvXmFt+pzLWS9R0PFWKxiV31py0tlcHxPZmVTtbyUPZoYfJ9XUyFi81aLinp99OZwyP3sea6uig==",
      "requires": {
        "module-alias": "^2.2.2"
      }
    }
  }
}
